
Microsoft Visual Studio Solution File, Format Version 12.00
# Visual Studio Version 17
VisualStudioVersion = 17.9.34616.47
MinimumVisualStudioVersion = 10.0.40219.1
Project("{FAE04EC0-301F-11D3-BF4B-00C04F79EFBC}") = "Ejercicio 2", "Ejercicio 2\Ejercicio 2.csproj", "{E9F56D85-C7F2-4500-B473-83D985D1F1C4}"
EndProject
Global
	GlobalSection(SolutionConfigurationPlatforms) = preSolution
		Debug|Any CPU = Debug|Any CPU
		Release|Any CPU = Release|Any CPU
	EndGlobalSection
	GlobalSection(ProjectConfigurationPlatforms) = postSolution
		{E9F56D85-C7F2-4500-B473-83D985D1F1C4}.Debug|Any CPU.ActiveCfg = Debug|Any CPU
		{E9F56D85-C7F2-4500-B473-83D985D1F1C4}.Debug|Any CPU.Build.0 = Debug|Any CPU
		{E9F56D85-C7F2-4500-B473-83D985D1F1C4}.Release|Any CPU.ActiveCfg = Release|Any CPU
		{E9F56D85-C7F2-4500-B473-83D985D1F1C4}.Release|Any CPU.Build.0 = Release|Any CPU
	EndGlobalSection
	GlobalSection(SolutionProperties) = preSolution
		HideSolutionNode = FALSE
	EndGlobalSection
	GlobalSection(ExtensibilityGlobals) = postSolution
		SolutionGuid = {E288D070-949D-44C3-8463-3D41A080479A}
	EndGlobalSection
EndGlobal
